github.com/creack/pty v1.1.9/go.mod h1:oKZEueFk5CKHvIhNR5MUki03XCEU+Q6VDXinZuGJ33E=
github.com/davecgh/go-spew v1.1.0/go.mod h1:J7Y8YcW2NihsgmVo/mv3lAwl/skON4iLHjSsI+c5H38=
github.com/davecgh/go-spew v1.1.1 h1:vj9j/u1bqnvCEfJOwUhtlOARqs3+rkHYY13jYWTU97c=
github.com/davecgh/go-spew v1.1.1/go.mod h1:J7Y8YcW2NihsgmVo/mv3lAwl/skON4iLHjSsI+c5H38=
github.com/docker/go-units v0.5.0 h1:69rxXcBk27SvSaaxTtLh/8llcHD8vYHT7WSdRZ/jvr4=
github.com/docker/go-units v0.5.0/go.mod h1:fgPhTUdO+D/Jk86RDLlptpiXQzgHJF7gydDDbaIK4Dk=
github.com/felixge/httpsnoop v1.0.3 h1:s/nj+GCswXYzN5v2DpNMuMQYe+0DDwt5WVCU6CWBdXk=
github.com/felixge/httpsnoop v1.0.3/go.mod h1:m8KPJKqk1gH5J9DgRY2ASl2lWCfGKXixSwevea8zH2U=
github.com/google/go-cmp v0.5.9 h1:O2Tfq5qg4qc4AmwVlvv0oLiVAGB7enBSJ2x2DqQFi38=
github.com/google/go-cmp v0.5.9/go.mod h1:17dUlkBOakJ0+DkrSSNjCkIjxS6bF9zb3elmeNGIjoY=
github.com/google/shlex v0.0.0-20191202100458-e7afc7fbc510 h1:El6M4kTTCOh6aBiKaUGG7oYTSPP8MxqL4YI3kZKwcP4=
github.com/google/shlex v0.0.0-20191202100458-e7afc7fbc510/go.mod h1:pupxD2MaaD3pAXIBCelhxNneeOaAeabZDe5s4K6zSpQ=
github.com/gorilla/websocket v1.5.0 h1:PPwGk2jz7EePpoHN/+ClbZu8SPxiqlu12wZP/3sWmnc=
github.com/gorilla/websocket v1.5.0/go.mod h1:YR8l580nyteQvAITg2hZ9XVh4b55+EU/adAjf1fMHhE=
github.com/hashicorp/cronexpr v1.1.2 h1:wG/ZYIKT+RT3QkOdgYc+xsKWVRgnxJ1OJtjjy84fJ9A=
github.com/hashicorp/cronexpr v1.1.2/go.mod h1:P4wA0KBl9C5q2hABiMO7cp6jcIg96CDh1Efb3g1PWA4=
github.com/hashicorp/errwrap v1.0.0 h1:hLrqtEDnRye3+sgx6z4qVLNuviH3MR5aQ0ykNJa/UYA=
github.com/hashicorp/errwrap v1.0.0/go.mod h1:YH+1FKiLXxHSkmPseP+kNlulaMuP3n2brvKWEqk/Jc4=
github.com/hashicorp/go-cleanhttp v0.5.2 h1:035FKYIWjmULyFRBKPs8TBQoi0x6d9G4xc9neXJWAZQ=
github.com/hashicorp/go-cleanhttp v0.5.2/go.mod h1:kO/YDlP8L1346E6Sodw+PrpBSV4/SoxCXGY6BqNFT48=
github.com/hashicorp/go-multierror v1.1.1 h1:H5DkEtf6CXdFp0N0Em5UCwQpXMWke8IA0+lD48awMYo=
github.com/hashicorp/go-multierror v1.1.1/go.mod h1:iw975J/qwKPdAO1clOe2L8331t/9/fmwbPZ6JB6eMoM=
github.com/hashicorp/go-rootcerts v1.0.2 h1:jzhAVGtqPKbwpyCPELlgNWhE1znq+qwJtW5Oi2viEzc=
github.com/hashicorp/go-rootcerts v1.0.2/go.mod h1:pqUvnprVnM5bf7AOirdbb01K4ccR319Vf4pU3K5EGc8=
github.com/hashicorp/nomad/api v0.0.0-20230821200924-14a38bee7bc4 h1:Dv0GjoKaTrTRuPX1DJbzG9KtHqTskgEIj1z8D7A6R3M=
github.com/hashicorp/nomad/api v0.0.0-20230821200924-14a38bee7bc4/go.mod h1:glQSmiY2VCQDT0MBiWKr5YDU9PpwVNOcrovlDczoKoI=
github.com/hashicorp/nomad/api v0.0.0-20231002072535-ccafb946452c h1:jcD3wIq9UfFFuBHb/6dmI6B6LpXgvoBYBUNPawQGybc=
github.com/hashicorp/nomad/api v0.0.0-20231002072535-ccafb946452c/go.mod h1:glQSmiY2VCQDT0MBiWKr5YDU9PpwVNOcrovlDczoKoI=
github.com/hashicorp/nomad/api v0.0.0-20231102205237-1604dba508b2 h1:1omjFjEAEsCANiMrvTer2VEzB5BwTqeVFSFzLV999Wc=
github.com/hashicorp/nomad/api v0.0.0-20231102205237-1604dba508b2/go.mod h1:glQSmiY2VCQDT0MBiWKr5YDU9PpwVNOcrovlDczoKoI=
github.com/hashicorp/nomad/api v0.0.0-20231110200551-1c9c75cc8324 h1:rbYvtEUaptuWwvktXDUFnrIKybY/I7E5hOeBhCCgvBI=
github.com/hashicorp/nomad/api v0.0.0-20231110200551-1c9c75cc8324/go.mod h1:ijDwa6o1uG1jFSq6kERiX2PamKGpZzTmo0XOFNeFZgw=
github.com/hashicorp/nomad/api v0.0.0-20231114162853-12e43aa07fe4 h1:CGjre9kJr72mJAF9MwwsYNwtn4cDxjAUlueUiL3uKAo=
github.com/hashicorp/nomad/api v0.0.0-20231114162853-12e43aa07fe4/go.mod h1:ijDwa6o1uG1jFSq6kERiX2PamKGpZzTmo0XOFNeFZgw=
github.com/hashicorp/nomad/api v0.0.0-20231116140323-d9fa19f54289 h1:VHKbA3FOuKSoqsTK9euLm7cigs8xauM2maH+2HULdi0=
github.com/hashicorp/nomad/api v0.0.0-20231116140323-d9fa19f54289/go.mod h1:ijDwa6o1uG1jFSq6kERiX2PamKGpZzTmo0XOFNeFZgw=
github.com/hashicorp/nomad/api v0.0.0-20231121150126-711da2e65342 h1:FFkIrbb3QPeBEBQrj1L67QYDVQ78yixM9FnPQWUfQQ8=
github.com/hashicorp/nomad/api v0.0.0-20231121150126-711da2e65342/go.mod h1:ijDwa6o1uG1jFSq6kERiX2PamKGpZzTmo0XOFNeFZgw=
github.com/hashicorp/nomad/api v0.0.0-20231123081056-e8e7e85b039e h1:+VFH5I6mTaeIjbJW0djJp8oHkwmxuUg3XYbM8QKpmXI=
github.com/hashicorp/nomad/api v0.0.0-20231123081056-e8e7e85b039e/go.mod h1:ijDwa6o1uG1jFSq6kERiX2PamKGpZzTmo0XOFNeFZgw=
github.com/hashicorp/nomad/api v0.0.0-20240619130253-81d4f364b12c h1:G//xiQ8REggs74D4Oym62u5XH6TOWWhlHVPQAfRU5uk=
github.com/hashicorp/nomad/api v0.0.0-20240619130253-81d4f364b12c/go.mod h1:svtxn6QnrQ69P23VvIWMR34tg3vmwLz4UdUzm1dSCgE=
github.com/hashicorp/nomad/api v0.0.0-20240801185634-0c01b2d4e499 h1:NX2uose0/MhX4nN6LEuS54KqnYzIaL4nj8/IvAmVwhc=
github.com/hashicorp/nomad/api v0.0.0-20240801185634-0c01b2d4e499/go.mod h1:svtxn6QnrQ69P23VvIWMR34tg3vmwLz4UdUzm1dSCgE=
github.com/hashicorp/nomad/api v0.0.0-20240802131543-cfce3e56beaf h1:/twr+miOE5Sp7coH4ExElYlCWtt1mVTpxWldO1D7jf4=
github.com/hashicorp/nomad/api v0.0.0-20240802131543-cfce3e56beaf/go.mod h1:svtxn6QnrQ69P23VvIWMR34tg3vmwLz4UdUzm1dSCgE=
github.com/hashicorp/nomad/api v0.0.0-20240806184746-021692eccf9b h1:O12qsaVXWsZCy6NUGKzoY8aZVGCSwbS/+YSttoRGmrY=
github.com/hashicorp/nomad/api v0.0.0-20240806184746-021692eccf9b/go.mod h1:svtxn6QnrQ69P23VvIWMR34tg3vmwLz4UdUzm1dSCgE=
github.com/hashicorp/nomad/api v0.0.0-20240807065914-218fa82d022d h1:iNGBxrIhm3TdP4Igf9jXr/5+f2+NlE+5lrxhNMSYBmA=
github.com/hashicorp/nomad/api v0.0.0-20240807065914-218fa82d022d/go.mod h1:svtxn6QnrQ69P23VvIWMR34tg3vmwLz4UdUzm1dSCgE=
github.com/hashicorp/nomad/api v0.0.0-20241015160530-0f6561bdfe93 h1:7G9nX5WZr2fG7T+gRjAHun75WMULE0YBH56RbAzHJTA=
github.com/hashicorp/nomad/api v0.0.0-20241015160530-0f6561bdfe93/go.mod h1:svtxn6QnrQ69P23VvIWMR34tg3vmwLz4UdUzm1dSCgE=
github.com/hashicorp/nomad/api v0.0.0-20241016132344-a0d7fb6b0957 h1:psy/xy8ORTuUhM8+uKW2Jy6Zwy3OBYnypo567iFsnlk=
github.com/hashicorp/nomad/api v0.0.0-20241016132344-a0d7fb6b0957/go.mod h1:svtxn6QnrQ69P23VvIWMR34tg3vmwLz4UdUzm1dSCgE=
github.com/hashicorp/nomad/api v0.0.0-20241016200454-f9cbaaf6c7e1 h1:19kElCFE9OSS2r68+6TMBHlYe/dqD7Ml1h72+LOktJs=
github.com/hashicorp/nomad/api v0.0.0-20241016200454-f9cbaaf6c7e1/go.mod h1:svtxn6QnrQ69P23VvIWMR34tg3vmwLz4UdUzm1dSCgE=
github.com/hashicorp/nomad/api v0.0.0-20241017091259-a22e56390e38 h1:F2Wop458s49YHWqSqOf9zoExsDAtfATw8bXt1n6JYB4=
github.com/hashicorp/nomad/api v0.0.0-20241017091259-a22e56390e38/go.mod h1:svtxn6QnrQ69P23VvIWMR34tg3vmwLz4UdUzm1dSCgE=
github.com/hashicorp/nomad/api v0.0.0-20241018035107-1f9b92f07941 h1:26CnGfqHi+FgL4YUbqrNk26VeMEGxJb19unn2IhuWp8=
github.com/hashicorp/nomad/api v0.0.0-20241018035107-1f9b92f07941/go.mod h1:svtxn6QnrQ69P23VvIWMR34tg3vmwLz4UdUzm1dSCgE=
github.com/hashicorp/nomad/api v0.0.0-20241018074812-42eacc85e2f7 h1:AkL7jQ+Mv++gi3+4xcns7ktboYU6WWxnjPOdH/s6ggk=
github.com/hashicorp/nomad/api v0.0.0-20241018074812-42eacc85e2f7/go.mod h1:svtxn6QnrQ69P23VvIWMR34tg3vmwLz4UdUzm1dSCgE=
github.com/hashicorp/nomad/api v0.0.0-20241018135242-11573fba89fd h1:gC2vI38Z1+RiaUZpiPVlUOZxAUUkarNUhZlBEcytVHM=
github.com/hashicorp/nomad/api v0.0.0-20241018135242-11573fba89fd/go.mod h1:svtxn6QnrQ69P23VvIWMR34tg3vmwLz4UdUzm1dSCgE=
github.com/hashicorp/nomad/api v0.0.0-20241022200220-cfba3edaabe7 h1:ywQo4VTJCvPahXmvWDRdQYYWzDB26Y3pgqmMOV2t0Lk=
github.com/hashicorp/nomad/api v0.0.0-20241022200220-cfba3edaabe7/go.mod h1:svtxn6QnrQ69P23VvIWMR34tg3vmwLz4UdUzm1dSCgE=
github.com/hashicorp/nomad/api v0.0.0-20241030141707-00b88bda741a h1:nAva0RWeMpqV968bKD9KzmUAzkrkwkMaDDg8/07z/+A=
github.com/hashicorp/nomad/api v0.0.0-20241030141707-00b88bda741a/go.mod h1:svtxn6QnrQ69P23VvIWMR34tg3vmwLz4UdUzm1dSCgE=
github.com/hashicorp/nomad/api v0.0.0-20241104114237-f75e2c276ea8 h1:bD4/xrYhmLVFNn3rda5LMncspYTFiNaijdXPBiPzWI4=
github.com/hashicorp/nomad/api v0.0.0-20241104114237-f75e2c276ea8/go.mod h1:svtxn6QnrQ69P23VvIWMR34tg3vmwLz4UdUzm1dSCgE=
github.com/hashicorp/nomad/api v0.0.0-20241107215354-c5249c6ca4da h1:1S20BzE6hcRYIQMF5wUIhX+u6Zz4VxttClMcgZnk6XE=
github.com/hashicorp/nomad/api v0.0.0-20241107215354-c5249c6ca4da/go.mod h1:svtxn6QnrQ69P23VvIWMR34tg3vmwLz4UdUzm1dSCgE=
github.com/hashicorp/nomad/api v0.0.0-20241108174938-0714353324cd h1:nW+43f4q30uZY6pq8WxUVm7p15TTxCCUlkgRVTrMb3g=
github.com/hashicorp/nomad/api v0.0.0-20241108174938-0714353324cd/go.mod h1:svtxn6QnrQ69P23VvIWMR34tg3vmwLz4UdUzm1dSCgE=
github.com/hashicorp/nomad/api v0.0.0-20241125123754-1f29a95c2413 h1:k0Z3HkPTwMY51/P6gRe20+oCQq6mszc7xJnpM1A+T4w=
github.com/hashicorp/nomad/api v0.0.0-20241125123754-1f29a95c2413/go.mod h1:svtxn6QnrQ69P23VvIWMR34tg3vmwLz4UdUzm1dSCgE=
github.com/hashicorp/nomad/api v0.0.0-20241203190230-da786f64c7cf h1:x1kcVDNRE7RAbjcZMum3QzUH1vWT6YTwNqTg09y4gQM=
github.com/hashicorp/nomad/api v0.0.0-20241203190230-da786f64c7cf/go.mod h1:svtxn6QnrQ69P23VvIWMR34tg3vmwLz4UdUzm1dSCgE=
github.com/hashicorp/nomad/api v0.0.0-20250109222719-606ce9dd9090 h1:U7jRai776INYSXaKbnJ2Wqf3XWyruvgvVn6M8BeNGpw=
github.com/hashicorp/nomad/api v0.0.0-20250109222719-606ce9dd9090/go.mod h1:svtxn6QnrQ69P23VvIWMR34tg3vmwLz4UdUzm1dSCgE=
github.com/kr/pty v1.1.1/go.mod h1:pFQYn66WHrOpPYNljwOMqo10TkYh1fy3cYio2l3bCsQ=
github.com/kr/text v0.1.0/go.mod h1:4Jbv+DJW3UT/LiOwJeYQe1efqtUx/iVham/4vfdArNI=
github.com/kr/text v0.2.0 h1:5Nx0Ya0ZqY2ygV366QzturHI13Jq95ApcVaJBhpS+AY=
github.com/kr/text v0.2.0/go.mod h1:eLer722TekiGuMkidMxC/pM04lWEeraHUUmBw8l2grE=
github.com/mitchellh/go-homedir v1.1.0 h1:lukF9ziXFxDFPkA1vsr5zpc1XuPDn/wFntq5mG+4E0Y=
github.com/mitchellh/go-homedir v1.1.0/go.mod h1:SfyaCUpYCn1Vlf4IUYiD9fPX4A5wJrkLzIz1N1q0pr0=
github.com/mitchellh/go-testing-interface v1.14.1 h1:jrgshOhYAUVNMAJiKbEu7EqAwgJJ2JqpQmpLJOu07cU=
github.com/mitchellh/go-testing-interface v1.14.1/go.mod h1:gfgS7OtZj6MA4U1UrDRp04twqAjfvlZyCfX3sDjEym8=
github.com/mitchellh/mapstructure v1.5.0 h1:jeMsZIYE/09sWLaz43PL7Gy6RuMjD2eJVyuac5Z2hdY=
github.com/mitchellh/mapstructure v1.5.0/go.mod h1:bFUtVrKA4DC2yAKiSyO/QUcy7e+RRV2QTWOzhPopBRo=
github.com/neilotoole/errgroup v0.1.6 h1:PODGqPXdT5BC/zCYIMoTrwV+ujKcW+gBXM6Ye9Ve3R8=
github.com/neilotoole/errgroup v0.1.6/go.mod h1:Q2nLGf+594h0CLBs/Mbg6qOr7GtqDK7C2S41udRnToE=
github.com/niemeyer/pretty v0.0.0-20200227124842-a10e7caefd8e h1:fD57ERR4JtEqsWbfPhv4DMiApHyliiK5xCTNVSPiaAs=
github.com/niemeyer/pretty v0.0.0-20200227124842-a10e7caefd8e/go.mod h1:zD1mROLANZcx1PVRCS0qkT7pwLkGfwJo4zjcN/Tysno=
github.com/pmezard/go-difflib v1.0.0 h1:4DBwDE0NGyQoBHbLQYPwSUPoCMWR5BEzIk/f1lZbAQM=
github.com/pmezard/go-difflib v1.0.0/go.mod h1:iKH77koFhYxTK1pcRnkKkqfTogsbg7gZNVY4sRDYZ/4=
github.com/shoenig/test v0.6.7 h1:k92ohN9VyRfZn0ezNfwamtIBT/5byyfLVktRmL/Jmek=
github.com/shoenig/test v0.6.7/go.mod h1:byHiCGXqrVaflBLAMq/srcZIHynQPQgeyvkvXnjqq0k=
github.com/sirupsen/logrus v1.9.3 h1:dueUQJ1C2q9oE3F7wvmSGAaVtTmUizReu6fjN8uqzbQ=
github.com/sirupsen/logrus v1.9.3/go.mod h1:naHLuLoDiP4jHNo9R0sCBMtWGeIprob74mVsIT4qYEQ=
github.com/stretchr/objx v0.1.0/go.mod h1:HFkY916IF+rwdDfMAkV7OtwuqBVzrE8GR6GFx+wExME=
github.com/stretchr/testify v1.7.0/go.mod h1:6Fq8oRcR53rry900zMqJjRRixrwX3KX962/h/Wwjteg=
github.com/stretchr/testify v1.8.4 h1:CcVxjf3Q8PM0mHUKJCdn+eZZtm5yQwehR5yeSVQQcUk=
github.com/stretchr/testify v1.8.4/go.mod h1:sz/lmYIOXD/1dqDmKjjqLyZ2RngseejIcXlSw2iwfAo=
github.com/stretchr/testify v1.9.0 h1:HtqpIVDClZ4nwg75+f6Lvsy/wHu+3BoSGCbBAcpTsTg=
github.com/stretchr/testify v1.9.0/go.mod h1:r2ic/lqez/lEtzL7wO/rwa5dbSLXVDPFyf8C91i36aY=
github.com/stretchr/testify v1.10.0 h1:Xv5erBjTwe/5IxqUQTdXv5kgmIvbHo3QQyRwhJsOfJA=
github.com/stretchr/testify v1.10.0/go.mod h1:r2ic/lqez/lEtzL7wO/rwa5dbSLXVDPFyf8C91i36aY=
golang.org/x/exp v0.0.0-20230728194245-b0cb94b80691 h1:/yRP+0AN7mf5DkD3BAI6TOFnd51gEoDEb8o35jIFtgw=
golang.org/x/exp v0.0.0-20230728194245-b0cb94b80691/go.mod h1:FXUEEKJgO7OQYeo8N01OfiKP8RXMtf6e8aTskBGqWdc=
golang.org/x/sync v0.0.0-20200625203802-6e8e738ad208/go.mod h1:RxMgew5VJxzue5/jJTE5uejpjVlOe/izrB70Jof72aM=
golang.org/x/sync v0.0.0-20210220032951-036812b2e83c h1:5KslGYwFpkhGh+Q16bwMP3cOontH8FOep7tGV86Y7SQ=
golang.org/x/sync v0.0.0-20210220032951-036812b2e83c/go.mod h1:RxMgew5VJxzue5/jJTE5uejpjVlOe/izrB70Jof72aM=
golang.org/x/sys v0.0.0-20220715151400-c0bba94af5f8/go.mod h1:oPkhp1MJrh7nUepCBck5+mAzfO9JrbApNNgaTdGDITg=
golang.org/x/sys v0.1.0 h1:kunALQeHf1/185U1i0GOB/fy1IPRDDpuoOOqRReG57U=
golang.org/x/sys v0.1.0/go.mod h1:oPkhp1MJrh7nUepCBck5+mAzfO9JrbApNNgaTdGDITg=
gopkg.in/check.v1 v0.0.0-20161208181325-20d25e280405/go.mod h1:Co6ibVJAznAaIkqp8huTwlJQCZ016jof/cbN4VW5Yz0=
gopkg.in/check.v1 v1.0.0-20200227125254-8fa46927fb4f h1:BLraFXnmrev5lT+xlilqcH8XK9/i0At2xKjWk4p6zsU=
gopkg.in/check.v1 v1.0.0-20200227125254-8fa46927fb4f/go.mod h1:Co6ibVJAznAaIkqp8huTwlJQCZ016jof/cbN4VW5Yz0=
gopkg.in/yaml.v3 v3.0.0-20200313102051-9f266ea9e77c/go.mod h1:K4uyk7z7BCEPqu6E+C64Yfv1cQ7kz7rIZviUmN+EgEM=
gopkg.in/yaml.v3 v3.0.1 h1:fxVm/GzAzEWqLHuvctI91KS9hhNmmWOoWu0XTYJS7CA=
gopkg.in/yaml.v3 v3.0.1/go.mod h1:K4uyk7z7BCEPqu6E+C64Yfv1cQ7kz7rIZviUmN+EgEM=
