github.com/creack/pty v1.1.9/go.mod h1:oKZEueFk5CKHvIhNR5MUki03XCEU+Q6VDXinZuGJ33E=
github.com/davecgh/go-spew v1.1.0/go.mod h1:J7Y8YcW2NihsgmVo/mv3lAwl/skON4iLHjSsI+c5H38=
github.com/davecgh/go-spew v1.1.1 h1:vj9j/u1bqnvCEfJOwUhtlOARqs3+rkHYY13jYWTU97c=
github.com/davecgh/go-spew v1.1.1/go.mod h1:J7Y8YcW2NihsgmVo/mv3lAwl/skON4iLHjSsI+c5H38=
github.com/docker/go-units v0.5.0 h1:69rxXcBk27SvSaaxTtLh/8llcHD8vYHT7WSdRZ/jvr4=
github.com/docker/go-units v0.5.0/go.mod h1:fgPhTUdO+D/Jk86RDLlptpiXQzgHJF7gydDDbaIK4Dk=
github.com/felixge/httpsnoop v1.0.4 h1:NFTV2Zj1bL4mc9sqWACXbQFVBBg2W3GPvqp8/ESS2Wg=
github.com/felixge/httpsnoop v1.0.4/go.mod h1:m8KPJKqk1gH5J9DgRY2ASl2lWCfGKXixSwevea8zH2U=
github.com/google/go-cmp v0.7.0 h1:wk8382ETsv4JYUZwIsn6YpYiWiBsYLSJiTsyBybVuN8=
github.com/google/go-cmp v0.7.0/go.mod h1:pXiqmnSA92OHEEa9HXL2W4E7lf9JzCmGVUdgjX3N/iU=
github.com/google/shlex v0.0.0-20191202100458-e7afc7fbc510 h1:El6M4kTTCOh6aBiKaUGG7oYTSPP8MxqL4YI3kZKwcP4=
github.com/google/shlex v0.0.0-20191202100458-e7afc7fbc510/go.mod h1:pupxD2MaaD3pAXIBCelhxNneeOaAeabZDe5s4K6zSpQ=
github.com/gorilla/websocket v1.5.3 h1:saDtZ6Pbx/0u+bgYQ3q96pZgCzfhKXGPqt7kZ72aNNg=
github.com/gorilla/websocket v1.5.3/go.mod h1:YR8l580nyteQvAITg2hZ9XVh4b55+EU/adAjf1fMHhE=
github.com/hashicorp/cronexpr v1.1.2 h1:wG/ZYIKT+RT3QkOdgYc+xsKWVRgnxJ1OJtjjy84fJ9A=
github.com/hashicorp/cronexpr v1.1.2/go.mod h1:P4wA0KBl9C5q2hABiMO7cp6jcIg96CDh1Efb3g1PWA4=
github.com/hashicorp/errwrap v1.0.0/go.mod h1:YH+1FKiLXxHSkmPseP+kNlulaMuP3n2brvKWEqk/Jc4=
github.com/hashicorp/errwrap v1.1.0 h1:OxrOeh75EUXMY8TBjag2fzXGZ40LB6IKw45YeGUDY2I=
github.com/hashicorp/errwrap v1.1.0/go.mod h1:YH+1FKiLXxHSkmPseP+kNlulaMuP3n2brvKWEqk/Jc4=
github.com/hashicorp/go-cleanhttp v0.5.2 h1:035FKYIWjmULyFRBKPs8TBQoi0x6d9G4xc9neXJWAZQ=
github.com/hashicorp/go-cleanhttp v0.5.2/go.mod h1:kO/YDlP8L1346E6Sodw+PrpBSV4/SoxCXGY6BqNFT48=
github.com/hashicorp/go-multierror v1.1.1 h1:H5DkEtf6CXdFp0N0Em5UCwQpXMWke8IA0+lD48awMYo=
github.com/hashicorp/go-multierror v1.1.1/go.mod h1:iw975J/qwKPdAO1clOe2L8331t/9/fmwbPZ6JB6eMoM=
github.com/hashicorp/go-rootcerts v1.0.2 h1:jzhAVGtqPKbwpyCPELlgNWhE1znq+qwJtW5Oi2viEzc=
github.com/hashicorp/go-rootcerts v1.0.2/go.mod h1:pqUvnprVnM5bf7AOirdbb01K4ccR319Vf4pU3K5EGc8=
github.com/hashicorp/nomad/api v0.0.0-20250429155804-bee2400958ea h1:uWdfacJoDI7/dgGLpjLvwMrwRKEmr+6oDZ8zVXP4ufs=
github.com/hashicorp/nomad/api v0.0.0-20250429155804-bee2400958ea/go.mod h1:y4olHzVXiQolzyk6QD/gqJxQTnnchlTf/QtczFFKwOI=
github.com/hashicorp/nomad/api v0.0.0-20250527142208-3f59860254ec h1:+StwJ2Kibj7tYgDKkSC4wbQHYs5rlx9tBczxBW4aG7Q=
github.com/hashicorp/nomad/api v0.0.0-20250527142208-3f59860254ec/go.mod h1:y4olHzVXiQolzyk6QD/gqJxQTnnchlTf/QtczFFKwOI=
github.com/hashicorp/nomad/api v0.0.0-20250609210252-8164d9e1d493 h1:EAC07LhUW37lfU1zf5VQw4RHvck27vNyFhSCYZWcaTA=
github.com/hashicorp/nomad/api v0.0.0-20250609210252-8164d9e1d493/go.mod h1:y4olHzVXiQolzyk6QD/gqJxQTnnchlTf/QtczFFKwOI=
github.com/hashicorp/nomad/api v0.0.0-20250611195651-7519df8d06e6 h1:+/CbIdstAjJzRdHIIsGxq2RoSbwQo8b3X5n9O3J01L8=
github.com/hashicorp/nomad/api v0.0.0-20250611195651-7519df8d06e6/go.mod h1:y4olHzVXiQolzyk6QD/gqJxQTnnchlTf/QtczFFKwOI=
github.com/hashicorp/nomad/api v0.0.0-20250623081447-8f98dca8f86e h1:x3CsAZuW4EawtfCdaK7Rmjl+PVi/N9gSvARpe/CAKIs=
github.com/hashicorp/nomad/api v0.0.0-20250623081447-8f98dca8f86e/go.mod h1:y4olHzVXiQolzyk6QD/gqJxQTnnchlTf/QtczFFKwOI=
github.com/hashicorp/nomad/api v0.0.0-20250623190614-9cbadf3e34ef h1:KVbJTGeNG04CdAh9amQb95n64qF8uMRJGcTHjjKEa5o=
github.com/hashicorp/nomad/api v0.0.0-20250623190614-9cbadf3e34ef/go.mod h1:y4olHzVXiQolzyk6QD/gqJxQTnnchlTf/QtczFFKwOI=
github.com/hashicorp/nomad/api v0.0.0-20250624073110-27da75044ed0 h1:e0p7lzvqapRxF8s7ApqPqRgQYiCp348Gpt/lBfZlp3I=
github.com/hashicorp/nomad/api v0.0.0-20250624073110-27da75044ed0/go.mod h1:y4olHzVXiQolzyk6QD/gqJxQTnnchlTf/QtczFFKwOI=
github.com/hashicorp/nomad/api v0.0.0-20250626153726-0c2fcb3e3068 h1:yO+KBVnZMBt7sW1X6rpe3CPVeOIMtmAvGPVIs03xl70=
github.com/hashicorp/nomad/api v0.0.0-20250626153726-0c2fcb3e3068/go.mod h1:y4olHzVXiQolzyk6QD/gqJxQTnnchlTf/QtczFFKwOI=
github.com/hashicorp/nomad/api v0.0.0-20250630213223-63f07887479f h1:GOuRFbZHK5OfOFLZdBpv5uBVYFAFlYLClnUIQliV4z8=
github.com/hashicorp/nomad/api v0.0.0-20250630213223-63f07887479f/go.mod h1:y4olHzVXiQolzyk6QD/gqJxQTnnchlTf/QtczFFKwOI=
github.com/hashicorp/nomad/api v0.0.0-20250701225403-493e7b2faadc h1:R3CPSd1kd6oNKrasEZ84rVBDexkzwb/pkR6hr7e0FDY=
github.com/hashicorp/nomad/api v0.0.0-20250701225403-493e7b2faadc/go.mod h1:y4olHzVXiQolzyk6QD/gqJxQTnnchlTf/QtczFFKwOI=
github.com/hashicorp/nomad/api v0.0.0-20250707184806-e13ceab85553 h1:mw+ZcExnrFymZypXuu7omEhgTUiBGf2qkETwigBpnZk=
github.com/hashicorp/nomad/api v0.0.0-20250707184806-e13ceab85553/go.mod h1:y4olHzVXiQolzyk6QD/gqJxQTnnchlTf/QtczFFKwOI=
github.com/hashicorp/nomad/api v0.0.0-20250709002452-53b083b8c5e0 h1:Go9VjiRdSqrWmWitEhXSk8pzcKc3XoU9VvjcguRIpkQ=
github.com/hashicorp/nomad/api v0.0.0-20250709002452-53b083b8c5e0/go.mod h1:y4olHzVXiQolzyk6QD/gqJxQTnnchlTf/QtczFFKwOI=
github.com/hashicorp/nomad/api v0.0.0-20250711190106-b23ab5ac157e h1:YVnN20hNBs6v08PAorU8vci71xlwIzoBj1WOnlG4qCc=
github.com/hashicorp/nomad/api v0.0.0-20250711190106-b23ab5ac157e/go.mod h1:y4olHzVXiQolzyk6QD/gqJxQTnnchlTf/QtczFFKwOI=
github.com/hashicorp/nomad/api v0.0.0-20250714175533-089c14823623 h1:TxAHpwGzibb77LsbWP9/UPm94gawrZKwryYamxF/sZ4=
github.com/hashicorp/nomad/api v0.0.0-20250714175533-089c14823623/go.mod h1:y4olHzVXiQolzyk6QD/gqJxQTnnchlTf/QtczFFKwOI=
github.com/hashicorp/nomad/api v0.0.0-20250715164804-3ca518e89cc9 h1:ynyh7aSB+7utBDyemYCmva2l0nYkHfG8mb2pK3+XLqU=
github.com/hashicorp/nomad/api v0.0.0-20250715164804-3ca518e89cc9/go.mod h1:y4olHzVXiQolzyk6QD/gqJxQTnnchlTf/QtczFFKwOI=
github.com/hashicorp/nomad/api v0.0.0-20250717194000-c9ebf01b4aa3 h1:SUMd6tRjvgNCnKpBgXkDxFvYUsRFm/MJyzQ0+VqaGCs=
github.com/hashicorp/nomad/api v0.0.0-20250717194000-c9ebf01b4aa3/go.mod h1:y4olHzVXiQolzyk6QD/gqJxQTnnchlTf/QtczFFKwOI=
github.com/hashicorp/nomad/api v0.0.0-20250721135329-36b4aa79df33 h1:AK4QkmjlDDAmUnfNBYu1csQc2kKF/lLXL4g8ZyO0tkA=
github.com/hashicorp/nomad/api v0.0.0-20250721135329-36b4aa79df33/go.mod h1:y4olHzVXiQolzyk6QD/gqJxQTnnchlTf/QtczFFKwOI=
github.com/hashicorp/nomad/api v0.0.0-20250724190005-ccaa3b732506 h1:gD48vfnX58ORkpFNHLDm83uTIcYtjpfSweDPLCI2Buo=
github.com/hashicorp/nomad/api v0.0.0-20250724190005-ccaa3b732506/go.mod h1:y4olHzVXiQolzyk6QD/gqJxQTnnchlTf/QtczFFKwOI=
github.com/hashicorp/nomad/api v0.0.0-20250725060510-2ef837f02fe4 h1:+e7Cy3uLI8Ug3ZofyK8D7ehMsJA16MCxanrlz2xmTxs=
github.com/hashicorp/nomad/api v0.0.0-20250725060510-2ef837f02fe4/go.mod h1:y4olHzVXiQolzyk6QD/gqJxQTnnchlTf/QtczFFKwOI=
github.com/hashicorp/nomad/api v0.0.0-20250728202827-e062f87b07b5 h1:V8tGi9PWrRDwEhL50gM7Pd3xkKJumQM415FTBYSaLU0=
github.com/hashicorp/nomad/api v0.0.0-20250728202827-e062f87b07b5/go.mod h1:y4olHzVXiQolzyk6QD/gqJxQTnnchlTf/QtczFFKwOI=
github.com/hashicorp/nomad/api v0.0.0-20250729202118-1209c34be1b2 h1:AeYl2BBk8EDRPhBzLLujn78SIMfxaYhiq4hoLfRZ9Uc=
github.com/hashicorp/nomad/api v0.0.0-20250729202118-1209c34be1b2/go.mod h1:y4olHzVXiQolzyk6QD/gqJxQTnnchlTf/QtczFFKwOI=
github.com/hashicorp/nomad/api v0.0.0-20250805181025-0f630004b9b3 h1:caMPG2e6n+rYN6E7BKrGjJuJlobytwLfQMCVl7T3/cM=
github.com/hashicorp/nomad/api v0.0.0-20250805181025-0f630004b9b3/go.mod h1:y4olHzVXiQolzyk6QD/gqJxQTnnchlTf/QtczFFKwOI=
github.com/hashicorp/nomad/api v0.0.0-20250807210333-b6f90d0562ae h1:16+yVDUdeZ2lVk6uXFDpHP4zZbQKL9rKqMmNpnDVKbs=
github.com/hashicorp/nomad/api v0.0.0-20250807210333-b6f90d0562ae/go.mod h1:y4olHzVXiQolzyk6QD/gqJxQTnnchlTf/QtczFFKwOI=
github.com/hashicorp/nomad/api v0.0.0-20250811131312-7964c5ab18e1 h1:fy26WEXcxESawJQ1OI2DsBZ8JyQorC7oDNZ349ZYu68=
github.com/hashicorp/nomad/api v0.0.0-20250811131312-7964c5ab18e1/go.mod h1:y4olHzVXiQolzyk6QD/gqJxQTnnchlTf/QtczFFKwOI=
github.com/hashicorp/nomad/api v0.0.0-20250815145352-d1186ae53e30 h1:CyYnTzOg1p3ce558Ra+RLO+ACNzXXKo/qxbSiUoEUek=
github.com/hashicorp/nomad/api v0.0.0-20250815145352-d1186ae53e30/go.mod h1:y4olHzVXiQolzyk6QD/gqJxQTnnchlTf/QtczFFKwOI=
github.com/hashicorp/nomad/api v0.0.0-20250818185800-f3e08d8aa907 h1:rLvDMve7rmCOmwUeDKiYpguTAyoyRapiKAssS0P2zog=
github.com/hashicorp/nomad/api v0.0.0-20250818185800-f3e08d8aa907/go.mod h1:y4olHzVXiQolzyk6QD/gqJxQTnnchlTf/QtczFFKwOI=
github.com/hashicorp/nomad/api v0.0.0-20250819075755-d13abe376c34 h1:AIwmXeezpEP9avYbZNlKSYtyxQChojSQStQkqc4lMDA=
github.com/hashicorp/nomad/api v0.0.0-20250819075755-d13abe376c34/go.mod h1:y4olHzVXiQolzyk6QD/gqJxQTnnchlTf/QtczFFKwOI=
github.com/hashicorp/nomad/api v0.0.0-20250821232935-f6a078c7e5c7 h1:7NFpEiPlrskNVXm5eQC+j+jXGnx2HhVpKC6+0l4lBfo=
github.com/hashicorp/nomad/api v0.0.0-20250821232935-f6a078c7e5c7/go.mod h1:y4olHzVXiQolzyk6QD/gqJxQTnnchlTf/QtczFFKwOI=
github.com/kr/pretty v0.2.1/go.mod h1:ipq/a2n7PKx3OHsz4KJII5eveXtPO4qwEXGdVfWzfnI=
github.com/kr/pretty v0.3.1 h1:flRD4NNwYAUpkphVc1HcthR4KEIFJ65n8Mw5qdRn3LE=
github.com/kr/pretty v0.3.1/go.mod h1:hoEshYVHaxMs3cyo3Yncou5ZscifuDolrwPKZanG3xk=
github.com/kr/pty v1.1.1/go.mod h1:pFQYn66WHrOpPYNljwOMqo10TkYh1fy3cYio2l3bCsQ=
github.com/kr/text v0.1.0/go.mod h1:4Jbv+DJW3UT/LiOwJeYQe1efqtUx/iVham/4vfdArNI=
github.com/kr/text v0.2.0 h1:5Nx0Ya0ZqY2ygV366QzturHI13Jq95ApcVaJBhpS+AY=
github.com/kr/text v0.2.0/go.mod h1:eLer722TekiGuMkidMxC/pM04lWEeraHUUmBw8l2grE=
github.com/mitchellh/go-homedir v1.1.0 h1:lukF9ziXFxDFPkA1vsr5zpc1XuPDn/wFntq5mG+4E0Y=
github.com/mitchellh/go-homedir v1.1.0/go.mod h1:SfyaCUpYCn1Vlf4IUYiD9fPX4A5wJrkLzIz1N1q0pr0=
github.com/mitchellh/mapstructure v1.5.0 h1:jeMsZIYE/09sWLaz43PL7Gy6RuMjD2eJVyuac5Z2hdY=
github.com/mitchellh/mapstructure v1.5.0/go.mod h1:bFUtVrKA4DC2yAKiSyO/QUcy7e+RRV2QTWOzhPopBRo=
github.com/neilotoole/errgroup v0.1.6 h1:PODGqPXdT5BC/zCYIMoTrwV+ujKcW+gBXM6Ye9Ve3R8=
github.com/neilotoole/errgroup v0.1.6/go.mod h1:Q2nLGf+594h0CLBs/Mbg6qOr7GtqDK7C2S41udRnToE=
github.com/pkg/diff v0.0.0-20210226163009-20ebb0f2a09e/go.mod h1:pJLUxLENpZxwdsKMEsNbx1VGcRFpLqf3715MtcvvzbA=
github.com/pmezard/go-difflib v1.0.0 h1:4DBwDE0NGyQoBHbLQYPwSUPoCMWR5BEzIk/f1lZbAQM=
github.com/pmezard/go-difflib v1.0.0/go.mod h1:iKH77koFhYxTK1pcRnkKkqfTogsbg7gZNVY4sRDYZ/4=
github.com/rogpeppe/go-internal v1.9.0/go.mod h1:WtVeX8xhTBvf0smdhujwtBcq4Qrzq/fJaraNFVN+nFs=
github.com/rogpeppe/go-internal v1.14.1 h1:UQB4HGPB6osV0SQTLymcB4TgvyWu6ZyliaW0tI/otEQ=
github.com/rogpeppe/go-internal v1.14.1/go.mod h1:MaRKkUm5W0goXpeCfT7UZI6fk/L7L7so1lCWt35ZSgc=
github.com/shoenig/test v1.12.1 h1:mLHfnMv7gmhhP44WrvT+nKSxKkPDiNkIuHGdIGI9RLU=
github.com/shoenig/test v1.12.1/go.mod h1:UxJ6u/x2v/TNs/LoLxBNJRV9DiwBBKYxXSyczsBHFoI=
github.com/sirupsen/logrus v1.9.3 h1:dueUQJ1C2q9oE3F7wvmSGAaVtTmUizReu6fjN8uqzbQ=
github.com/sirupsen/logrus v1.9.3/go.mod h1:naHLuLoDiP4jHNo9R0sCBMtWGeIprob74mVsIT4qYEQ=
github.com/stretchr/objx v0.1.0/go.mod h1:HFkY916IF+rwdDfMAkV7OtwuqBVzrE8GR6GFx+wExME=
github.com/stretchr/testify v1.7.0/go.mod h1:6Fq8oRcR53rry900zMqJjRRixrwX3KX962/h/Wwjteg=
github.com/stretchr/testify v1.10.0 h1:Xv5erBjTwe/5IxqUQTdXv5kgmIvbHo3QQyRwhJsOfJA=
github.com/stretchr/testify v1.10.0/go.mod h1:r2ic/lqez/lEtzL7wO/rwa5dbSLXVDPFyf8C91i36aY=
golang.org/x/sync v0.0.0-20200625203802-6e8e738ad208/go.mod h1:RxMgew5VJxzue5/jJTE5uejpjVlOe/izrB70Jof72aM=
golang.org/x/sync v0.13.0 h1:AauUjRAJ9OSnvULf/ARrrVywoJDy0YS2AwQ98I37610=
golang.org/x/sync v0.13.0/go.mod h1:1dzgHSNfp02xaA81J2MS99Qcpr2w7fw1gpm99rleRqA=
golang.org/x/sys v0.0.0-20220715151400-c0bba94af5f8/go.mod h1:oPkhp1MJrh7nUepCBck5+mAzfO9JrbApNNgaTdGDITg=
golang.org/x/sys v0.32.0 h1:s77OFDvIQeibCmezSnk/q6iAfkdiQaJi4VzroCFrN20=
golang.org/x/sys v0.32.0/go.mod h1:BJP2sWEmIv4KK5OTEluFJCKSidICx8ciO85XgH3Ak8k=
gopkg.in/check.v1 v0.0.0-20161208181325-20d25e280405/go.mod h1:Co6ibVJAznAaIkqp8huTwlJQCZ016jof/cbN4VW5Yz0=
gopkg.in/check.v1 v1.0.0-20201130134442-10cb98267c6c h1:Hei/4ADfdWqJk1ZMxUNpqntNwaWcugrBjAiHlqqRiVk=
gopkg.in/check.v1 v1.0.0-20201130134442-10cb98267c6c/go.mod h1:JHkPIbrfpd72SG/EVd6muEfDQjcINNoR0C8j2r3qZ4Q=
gopkg.in/yaml.v3 v3.0.0-20200313102051-9f266ea9e77c/go.mod h1:K4uyk7z7BCEPqu6E+C64Yfv1cQ7kz7rIZviUmN+EgEM=
gopkg.in/yaml.v3 v3.0.1 h1:fxVm/GzAzEWqLHuvctI91KS9hhNmmWOoWu0XTYJS7CA=
gopkg.in/yaml.v3 v3.0.1/go.mod h1:K4uyk7z7BCEPqu6E+C64Yfv1cQ7kz7rIZviUmN+EgEM=
