github.com/creack/pty v1.1.9/go.mod h1:oKZEueFk5CKHvIhNR5MUki03XCEU+Q6VDXinZuGJ33E=
github.com/davecgh/go-spew v1.1.0/go.mod h1:J7Y8YcW2NihsgmVo/mv3lAwl/skON4iLHjSsI+c5H38=
github.com/davecgh/go-spew v1.1.1 h1:vj9j/u1bqnvCEfJOwUhtlOARqs3+rkHYY13jYWTU97c=
github.com/davecgh/go-spew v1.1.1/go.mod h1:J7Y8YcW2NihsgmVo/mv3lAwl/skON4iLHjSsI+c5H38=
github.com/docker/go-units v0.5.0 h1:69rxXcBk27SvSaaxTtLh/8llcHD8vYHT7WSdRZ/jvr4=
github.com/google/go-cmp v0.5.9 h1:O2Tfq5qg4qc4AmwVlvv0oLiVAGB7enBSJ2x2DqQFi38=
github.com/google/shlex v0.0.0-20191202100458-e7afc7fbc510 h1:El6M4kTTCOh6aBiKaUGG7oYTSPP8MxqL4YI3kZKwcP4=
github.com/google/shlex v0.0.0-20191202100458-e7afc7fbc510/go.mod h1:pupxD2MaaD3pAXIBCelhxNneeOaAeabZDe5s4K6zSpQ=
github.com/gorilla/websocket v1.5.0 h1:PPwGk2jz7EePpoHN/+ClbZu8SPxiqlu12wZP/3sWmnc=
github.com/gorilla/websocket v1.5.0/go.mod h1:YR8l580nyteQvAITg2hZ9XVh4b55+EU/adAjf1fMHhE=
github.com/hashicorp/cronexpr v1.1.1 h1:NJZDd87hGXjoZBdvyCF9mX4DCq5Wy7+A/w+A7q0wn6c=
github.com/hashicorp/cronexpr v1.1.1/go.mod h1:P4wA0KBl9C5q2hABiMO7cp6jcIg96CDh1Efb3g1PWA4=
github.com/hashicorp/errwrap v1.0.0 h1:hLrqtEDnRye3+sgx6z4qVLNuviH3MR5aQ0ykNJa/UYA=
github.com/hashicorp/errwrap v1.0.0/go.mod h1:YH+1FKiLXxHSkmPseP+kNlulaMuP3n2brvKWEqk/Jc4=
github.com/hashicorp/go-cleanhttp v0.5.2 h1:035FKYIWjmULyFRBKPs8TBQoi0x6d9G4xc9neXJWAZQ=
github.com/hashicorp/go-cleanhttp v0.5.2/go.mod h1:kO/YDlP8L1346E6Sodw+PrpBSV4/SoxCXGY6BqNFT48=
github.com/hashicorp/go-multierror v1.1.1 h1:H5DkEtf6CXdFp0N0Em5UCwQpXMWke8IA0+lD48awMYo=
github.com/hashicorp/go-multierror v1.1.1/go.mod h1:iw975J/qwKPdAO1clOe2L8331t/9/fmwbPZ6JB6eMoM=
github.com/hashicorp/go-rootcerts v1.0.2 h1:jzhAVGtqPKbwpyCPELlgNWhE1znq+qwJtW5Oi2viEzc=
github.com/hashicorp/go-rootcerts v1.0.2/go.mod h1:pqUvnprVnM5bf7AOirdbb01K4ccR319Vf4pU3K5EGc8=
github.com/hashicorp/nomad/api v0.0.0-20230220090828-517ad9c5bf22 h1:w9cgBZ/KMlu+HrqDUw9/BEdvTLKC0RPlAek5dOfhVAk=
github.com/hashicorp/nomad/api v0.0.0-20230220090828-517ad9c5bf22/go.mod h1:uAHGOsZaW79Na+Y2ZuGYNN8EQVf/ALPtJlErNIT9nQ4=
github.com/hashicorp/nomad/api v0.0.0-20230221185310-d5f0db8a5eb4 h1:/lnkwHNX75MZU35z8MK4z7T+uOZX5JgOwgDW34NzAqo=
github.com/hashicorp/nomad/api v0.0.0-20230221185310-d5f0db8a5eb4/go.mod h1:uAHGOsZaW79Na+Y2ZuGYNN8EQVf/ALPtJlErNIT9nQ4=
github.com/hashicorp/nomad/api v0.0.0-20230227154813-f619b0bd7a95 h1:lCfDffqgfahSLZavKmVIPib3Wwz7tpoKMI5fhkAfLHc=
github.com/hashicorp/nomad/api v0.0.0-20230227154813-f619b0bd7a95/go.mod h1:uAHGOsZaW79Na+Y2ZuGYNN8EQVf/ALPtJlErNIT9nQ4=
github.com/hashicorp/nomad/api v0.0.0-20230227181747-542b23e999b5 h1:NdIZNohnP18RFB/bpQc646tkoFVWYNhF26sAx1HAT6s=
github.com/hashicorp/nomad/api v0.0.0-20230227181747-542b23e999b5/go.mod h1:uAHGOsZaW79Na+Y2ZuGYNN8EQVf/ALPtJlErNIT9nQ4=
github.com/hashicorp/nomad/api v0.0.0-20230302214214-f89910d4650c h1:T6Oq5wE+sS0i5wSgIdiZZrO7Jfe0E++7d8DR+jGQLQ4=
github.com/hashicorp/nomad/api v0.0.0-20230302214214-f89910d4650c/go.mod h1:uAHGOsZaW79Na+Y2ZuGYNN8EQVf/ALPtJlErNIT9nQ4=
github.com/hashicorp/nomad/api v0.0.0-20230309223321-730adaa6a7a6 h1:7KZJTk4DRfZYFTTef+Bv4W2m1pbprujAU/TqO+GapV8=
github.com/hashicorp/nomad/api v0.0.0-20230309223321-730adaa6a7a6/go.mod h1:bKUb1ytds5KwUioHdvdq9jmrDqCThv95si0Ub7iNeBg=
github.com/hashicorp/nomad/api v0.0.0-20230310211451-9fefc18b7746 h1:1bCAf1khDSPQymmvtMalTmdsHRpRtncWJbfXLS/Yk9o=
github.com/hashicorp/nomad/api v0.0.0-20230310211451-9fefc18b7746/go.mod h1:bKUb1ytds5KwUioHdvdq9jmrDqCThv95si0Ub7iNeBg=
github.com/hashicorp/nomad/api v0.0.0-20230313220017-a42a33fa6b22 h1:5MZar1jYa4BlwhY64wr87GhLUEmc6CRoxrTG5GpW2KU=
github.com/hashicorp/nomad/api v0.0.0-20230313220017-a42a33fa6b22/go.mod h1:bKUb1ytds5KwUioHdvdq9jmrDqCThv95si0Ub7iNeBg=
github.com/hashicorp/nomad/api v0.0.0-20230315164715-e4963b9c5360 h1:tV2CDpIjqGZo1BdkZ2sKH4zuqSfdhsq6Pn8VidydXc8=
github.com/hashicorp/nomad/api v0.0.0-20230315164715-e4963b9c5360/go.mod h1:bKUb1ytds5KwUioHdvdq9jmrDqCThv95si0Ub7iNeBg=
github.com/hashicorp/nomad/api v0.0.0-20230316212241-282e3bcfccb2 h1:esRYi9YemG8KzU8OCI7duXt2fURJCz+xLhnGfcySTVQ=
github.com/hashicorp/nomad/api v0.0.0-20230316212241-282e3bcfccb2/go.mod h1:bKUb1ytds5KwUioHdvdq9jmrDqCThv95si0Ub7iNeBg=
github.com/hashicorp/nomad/api v0.0.0-20230317191113-1cfa95ee54c9 h1:0w8C7d6wyJWCYb7SlDQtjZDQAHjbT/Tp32Bc+VIRNwU=
github.com/hashicorp/nomad/api v0.0.0-20230317191113-1cfa95ee54c9/go.mod h1:bKUb1ytds5KwUioHdvdq9jmrDqCThv95si0Ub7iNeBg=
github.com/hashicorp/nomad/api v0.0.0-20230320094051-cc110f4cc7ff h1:6WgHYmzwbCc5EIjZjSyOR+hG/sD6J14Ngx13wCvWl5U=
github.com/hashicorp/nomad/api v0.0.0-20230320094051-cc110f4cc7ff/go.mod h1:bKUb1ytds5KwUioHdvdq9jmrDqCThv95si0Ub7iNeBg=
github.com/hashicorp/nomad/api v0.0.0-20230320143502-96740b5392ac h1:VMbMhu6NSHDvg2NCI/CPHaYEhbWyNQNHIx3/+anaeFM=
github.com/hashicorp/nomad/api v0.0.0-20230320143502-96740b5392ac/go.mod h1:bKUb1ytds5KwUioHdvdq9jmrDqCThv95si0Ub7iNeBg=
github.com/hashicorp/nomad/api v0.0.0-20230322082758-39ec124bb88b h1:dTJMnVtnEimbVitDjXIVIYcx808O64IPr4AxRCe19g8=
github.com/hashicorp/nomad/api v0.0.0-20230322082758-39ec124bb88b/go.mod h1:bKUb1ytds5KwUioHdvdq9jmrDqCThv95si0Ub7iNeBg=
github.com/hashicorp/nomad/api v0.0.0-20230324125716-b84c455dbb51 h1:+Q2hfaRIsz19nDHuoAzj9P0Apj5ICfclQ5E0iW8aBqY=
github.com/hashicorp/nomad/api v0.0.0-20230324125716-b84c455dbb51/go.mod h1:bKUb1ytds5KwUioHdvdq9jmrDqCThv95si0Ub7iNeBg=
github.com/hashicorp/nomad/api v0.0.0-20230324233831-72ad885a4720 h1:kfMZy+U+xkNs1QpoBcyi1D9sUvF/jC5fZ/4cA1Rz9GI=
github.com/hashicorp/nomad/api v0.0.0-20230324233831-72ad885a4720/go.mod h1:bKUb1ytds5KwUioHdvdq9jmrDqCThv95si0Ub7iNeBg=
github.com/hashicorp/nomad/api v0.0.0-20230327161318-c071791211dd h1:vpsVYCeMEAWKf0qFVVo+FEf73JvWv30SEOA03ahp9Z8=
github.com/hashicorp/nomad/api v0.0.0-20230327161318-c071791211dd/go.mod h1:bKUb1ytds5KwUioHdvdq9jmrDqCThv95si0Ub7iNeBg=
github.com/hashicorp/nomad/api v0.0.0-20230328083234-36825576b421 h1:bPOZAy2cYBHEQNeA/sIx8xpW5KTOjCnhEU2oFW99KKw=
github.com/hashicorp/nomad/api v0.0.0-20230328083234-36825576b421/go.mod h1:bKUb1ytds5KwUioHdvdq9jmrDqCThv95si0Ub7iNeBg=
github.com/hashicorp/nomad/api v0.0.0-20230328123101-cef87f054a6d h1:1FjaZZto9i0X8xNCe31GOy/8o0nDrCDhNSyARiIEcGE=
github.com/hashicorp/nomad/api v0.0.0-20230328123101-cef87f054a6d/go.mod h1:bKUb1ytds5KwUioHdvdq9jmrDqCThv95si0Ub7iNeBg=
github.com/hashicorp/nomad/api v0.0.0-20230329202037-03a90f497aad h1:2OsMhb3iuPkcP1NmN4mqqNuMOTUrZrBydbt8s4kgGCs=
github.com/hashicorp/nomad/api v0.0.0-20230329202037-03a90f497aad/go.mod h1:2TCrNvonL09r7EiQ6M2rNt+Cmjbn1QbzchFoTWJFpj4=
github.com/kr/pty v1.1.1/go.mod h1:pFQYn66WHrOpPYNljwOMqo10TkYh1fy3cYio2l3bCsQ=
github.com/kr/text v0.1.0/go.mod h1:4Jbv+DJW3UT/LiOwJeYQe1efqtUx/iVham/4vfdArNI=
github.com/kr/text v0.2.0 h1:5Nx0Ya0ZqY2ygV366QzturHI13Jq95ApcVaJBhpS+AY=
github.com/kr/text v0.2.0/go.mod h1:eLer722TekiGuMkidMxC/pM04lWEeraHUUmBw8l2grE=
github.com/mitchellh/go-homedir v1.1.0 h1:lukF9ziXFxDFPkA1vsr5zpc1XuPDn/wFntq5mG+4E0Y=
github.com/mitchellh/go-homedir v1.1.0/go.mod h1:SfyaCUpYCn1Vlf4IUYiD9fPX4A5wJrkLzIz1N1q0pr0=
github.com/mitchellh/go-testing-interface v1.14.1 h1:jrgshOhYAUVNMAJiKbEu7EqAwgJJ2JqpQmpLJOu07cU=
github.com/mitchellh/mapstructure v1.5.0 h1:jeMsZIYE/09sWLaz43PL7Gy6RuMjD2eJVyuac5Z2hdY=
github.com/mitchellh/mapstructure v1.5.0/go.mod h1:bFUtVrKA4DC2yAKiSyO/QUcy7e+RRV2QTWOzhPopBRo=
github.com/neilotoole/errgroup v0.1.6 h1:PODGqPXdT5BC/zCYIMoTrwV+ujKcW+gBXM6Ye9Ve3R8=
github.com/neilotoole/errgroup v0.1.6/go.mod h1:Q2nLGf+594h0CLBs/Mbg6qOr7GtqDK7C2S41udRnToE=
github.com/niemeyer/pretty v0.0.0-20200227124842-a10e7caefd8e h1:fD57ERR4JtEqsWbfPhv4DMiApHyliiK5xCTNVSPiaAs=
github.com/niemeyer/pretty v0.0.0-20200227124842-a10e7caefd8e/go.mod h1:zD1mROLANZcx1PVRCS0qkT7pwLkGfwJo4zjcN/Tysno=
github.com/pmezard/go-difflib v1.0.0 h1:4DBwDE0NGyQoBHbLQYPwSUPoCMWR5BEzIk/f1lZbAQM=
github.com/pmezard/go-difflib v1.0.0/go.mod h1:iKH77koFhYxTK1pcRnkKkqfTogsbg7gZNVY4sRDYZ/4=
github.com/shoenig/test v0.6.1 h1:TVIih3yGvaH8Yci2OedB/NAhOC9UlNi5+ajCVyMPflg=
github.com/sirupsen/logrus v1.9.0 h1:trlNQbNUG3OdDrDil03MCb1H2o9nJ1x4/5LYw7byDE0=
github.com/sirupsen/logrus v1.9.0/go.mod h1:naHLuLoDiP4jHNo9R0sCBMtWGeIprob74mVsIT4qYEQ=
github.com/stretchr/objx v0.1.0/go.mod h1:HFkY916IF+rwdDfMAkV7OtwuqBVzrE8GR6GFx+wExME=
github.com/stretchr/objx v0.4.0/go.mod h1:YvHI0jy2hoMjB+UWwv71VJQ9isScKT/TqJzVSSt89Yw=
github.com/stretchr/objx v0.5.0/go.mod h1:Yh+to48EsGEfYuaHDzXPcE3xhTkx73EhmCGUpEOglKo=
github.com/stretchr/testify v1.7.0/go.mod h1:6Fq8oRcR53rry900zMqJjRRixrwX3KX962/h/Wwjteg=
github.com/stretchr/testify v1.7.1/go.mod h1:6Fq8oRcR53rry900zMqJjRRixrwX3KX962/h/Wwjteg=
github.com/stretchr/testify v1.8.0/go.mod h1:yNjHg4UonilssWZ8iaSj1OCr/vHnekPRkoO+kdMU+MU=
github.com/stretchr/testify v1.8.1 h1:w7B6lhMri9wdJUVmEZPGGhZzrYTPvgJArz7wNPgYKsk=
github.com/stretchr/testify v1.8.1/go.mod h1:w2LPCIKwWwSfY2zedu0+kehJoqGctiVI29o6fzry7u4=
github.com/stretchr/testify v1.8.2 h1:+h33VjcLVPDHtOdpUCuF+7gSuG3yGIftsP1YvFihtJ8=
github.com/stretchr/testify v1.8.2/go.mod h1:w2LPCIKwWwSfY2zedu0+kehJoqGctiVI29o6fzry7u4=
golang.org/x/exp v0.0.0-20230108222341-4b8118a2686a h1:tlXy25amD5A7gOfbXdqCGN5k8ESEed/Ee1E5RcrYnqU=
golang.org/x/exp v0.0.0-20230108222341-4b8118a2686a/go.mod h1:CxIveKay+FTh1D0yPZemJVgC/95VzuuOLq5Qi4xnoYc=
golang.org/x/sync v0.0.0-20200625203802-6e8e738ad208/go.mod h1:RxMgew5VJxzue5/jJTE5uejpjVlOe/izrB70Jof72aM=
golang.org/x/sync v0.0.0-20210220032951-036812b2e83c h1:5KslGYwFpkhGh+Q16bwMP3cOontH8FOep7tGV86Y7SQ=
golang.org/x/sync v0.0.0-20210220032951-036812b2e83c/go.mod h1:RxMgew5VJxzue5/jJTE5uejpjVlOe/izrB70Jof72aM=
golang.org/x/sys v0.0.0-20220715151400-c0bba94af5f8/go.mod h1:oPkhp1MJrh7nUepCBck5+mAzfO9JrbApNNgaTdGDITg=
golang.org/x/sys v0.1.0 h1:kunALQeHf1/185U1i0GOB/fy1IPRDDpuoOOqRReG57U=
golang.org/x/sys v0.1.0/go.mod h1:oPkhp1MJrh7nUepCBck5+mAzfO9JrbApNNgaTdGDITg=
gopkg.in/check.v1 v0.0.0-20161208181325-20d25e280405/go.mod h1:Co6ibVJAznAaIkqp8huTwlJQCZ016jof/cbN4VW5Yz0=
gopkg.in/check.v1 v1.0.0-20200227125254-8fa46927fb4f h1:BLraFXnmrev5lT+xlilqcH8XK9/i0At2xKjWk4p6zsU=
gopkg.in/check.v1 v1.0.0-20200227125254-8fa46927fb4f/go.mod h1:Co6ibVJAznAaIkqp8huTwlJQCZ016jof/cbN4VW5Yz0=
gopkg.in/yaml.v3 v3.0.0-20200313102051-9f266ea9e77c/go.mod h1:K4uyk7z7BCEPqu6E+C64Yfv1cQ7kz7rIZviUmN+EgEM=
gopkg.in/yaml.v3 v3.0.1 h1:fxVm/GzAzEWqLHuvctI91KS9hhNmmWOoWu0XTYJS7CA=
gopkg.in/yaml.v3 v3.0.1/go.mod h1:K4uyk7z7BCEPqu6E+C64Yfv1cQ7kz7rIZviUmN+EgEM=
